// !$*UTF8*$!
{
	archiveVersion = 1;
	classes = {
	};
	objectVersion = 56;
	objects = {

/* Begin PBXBuildFile section */
		3B10CE302C2128B800FDCE34 /* lam77App.swift in Sources */ = {isa = PBXBuildFile; fileRef = 3B10CE2F2C2128B800FDCE34 /* lam77App.swift */; };
		3B10CE322C2128B800FDCE34 /* ContentView.swift in Sources */ = {isa = PBXBuildFile; fileRef = 3B10CE312C2128B800FDCE34 /* ContentView.swift */; };
		3B10CE342C2128B900FDCE34 /* Assets.xcassets in Resources */ = {isa = PBXBuildFile; fileRef = 3B10CE332C2128B900FDCE34 /* Assets.xcassets */; };
		3B10CE372C2128B900FDCE34 /* Preview Assets.xcassets in Resources */ = {isa = PBXBuildFile; fileRef = 3B10CE362C2128B900FDCE34 /* Preview Assets.xcassets */; };
		3B10CE412C2128BA00FDCE34 /* lam77Tests.swift in Sources */ = {isa = PBXBuildFile; fileRef = 3B10CE402C2128BA00FDCE34 /* lam77Tests.swift */; };
		3B10CE4B2C2128BA00FDCE34 /* lam77UITests.swift in Sources */ = {isa = PBXBuildFile; fileRef = 3B10CE4A2C2128BA00FDCE34 /* lam77UITests.swift */; };
		3B10CE4D2C2128BA00FDCE34 /* lam77UITestsLaunchTests.swift in Sources */ = {isa = PBXBuildFile; fileRef = 3B10CE4C2C2128BA00FDCE34 /* lam77UITestsLaunchTests.swift */; };
/* End PBXBuildFile section */

/* Begin PBXContainerItemProxy section */
		3B10CE3D2C2128BA00FDCE34 /* PBXContainerItemProxy */ = {
			isa = PBXContainerItemProxy;
			containerPortal = 3B10CE242C2128B800FDCE34 /* Project object */;
			proxyType = 1;
			remoteGlobalIDString = 3B10CE2B2C2128B800FDCE34;
			remoteInfo = lam77;
		};
		3B10CE472C2128BA00FDCE34 /* PBXContainerItemProxy */ = {
			isa = PBXContainerItemProxy;
			containerPortal = 3B10CE242C2128B800FDCE34 /* Project object */;
			proxyType = 1;
			remoteGlobalIDString = 3B10CE2B2C2128B800FDCE34;
			remoteInfo = lam77;
		};
/* End PBXContainerItemProxy section */

/* Begin PBXFileReference section */
		3B10CE2C2C2128B800FDCE34 /* lam77.app */ = {isa = PBXFileReference; explicitFileType = wrapper.application; includeInIndex = 0; path = lam77.app; sourceTree = BUILT_PRODUCTS_DIR; };
		3B10CE2F2C2128B800FDCE34 /* lam77App.swift */ = {isa = PBXFileReference; lastKnownFileType = sourcecode.swift; path = lam77App.swift; sourceTree = "<group>"; };
		3B10CE312C2128B800FDCE34 /* ContentView.swift */ = {isa = PBXFileReference; lastKnownFileType = sourcecode.swift; path = ContentView.swift; sourceTree = "<group>"; };
		3B10CE332C2128B900FDCE34 /* Assets.xcassets */ = {isa = PBXFileReference; lastKnownFileType = folder.assetcatalog; path = Assets.xcassets; sourceTree = "<group>"; };
		3B10CE362C2128B900FDCE34 /* Preview Assets.xcassets */ = {isa = PBXFileReference; lastKnownFileType = folder.assetcatalog; path = "Preview Assets.xcassets"; sourceTree = "<group>"; };
		3B10CE3C2C2128BA00FDCE34 /* lam77Tests.xctest */ = {isa = PBXFileReference; explicitFileType = wrapper.cfbundle; includeInIndex = 0; path = lam77Tests.xctest; sourceTree = BUILT_PRODUCTS_DIR; };
		3B10CE402C2128BA00FDCE34 /* lam77Tests.swift */ = {isa = PBXFileReference; lastKnownFileType = sourcecode.swift; path = lam77Tests.swift; sourceTree = "<group>"; };
		3B10CE462C2128BA00FDCE34 /* lam77UITests.xctest */ = {isa = PBXFileReference; explicitFileType = wrapper.cfbundle; includeInIndex = 0; path = lam77UITests.xctest; sourceTree = BUILT_PRODUCTS_DIR; };
		3B10CE4A2C2128BA00FDCE34 /* lam77UITests.swift */ = {isa = PBXFileReference; lastKnownFileType = sourcecode.swift; path = lam77UITests.swift; sourceTree = "<group>"; };
		3B10CE4C2C2128BA00FDCE34 /* lam77UITestsLaunchTests.swift */ = {isa = PBXFileReference; lastKnownFileType = sourcecode.swift; path = lam77UITestsLaunchTests.swift; sourceTree = "<group>"; };
/* End PBXFileReference section */

/* Begin PBXFrameworksBuildPhase section */
		3B10CE292C2128B800FDCE34 /* Frameworks */ = {
			isa = PBXFrameworksBuildPhase;
			buildActionMask = 2147483647;
			files = (
			);
			runOnlyForDeploymentPostprocessing = 0;
		};
		3B10CE392C2128BA00FDCE34 /* Frameworks */ = {
			isa = PBXFrameworksBuildPhase;
			buildActionMask = 2147483647;
			files = (
			);
			runOnlyForDeploymentPostprocessing = 0;
		};
		3B10CE432C2128BA00FDCE34 /* Frameworks */ = {
			isa = PBXFrameworksBuildPhase;
			buildActionMask = 2147483647;
			files = (
			);
			runOnlyForDeploymentPostprocessing = 0;
		};
/* End PBXFrameworksBuildPhase section */

/* Begin PBXGroup section */
		3B10CE232C2128B800FDCE34 = {
			isa = PBXGroup;
			children = (
				3B10CE2E2C2128B800FDCE34 /* lam77 */,
				3B10CE3F2C2128BA00FDCE34 /* lam77Tests */,
				3B10CE492C2128BA00FDCE34 /* lam77UITests */,
				3B10CE2D2C2128B800FDCE34 /* Products */,
			);
			sourceTree = "<group>";
		};
		3B10CE2D2C2128B800FDCE34 /* Products */ = {
			isa = PBXGroup;
			children = (
				3B10CE2C2C2128B800FDCE34 /* lam77.app */,
				3B10CE3C2C2128BA00FDCE34 /* lam77Tests.xctest */,
				3B10CE462C2128BA00FDCE34 /* lam77UITests.xctest */,
			);
			name = Products;
			sourceTree = "<group>";
		};
		3B10CE2E2C2128B800FDCE34 /* lam77 */ = {
			isa = PBXGroup;
			children = (
				3B10CE2F2C2128B800FDCE34 /* lam77App.swift */,
				3B10CE312C2128B800FDCE34 /* ContentView.swift */,
				3B10CE332C2128B900FDCE34 /* Assets.xcassets */,
				3B10CE352C2128B900FDCE34 /* Preview Content */,
			);
			path = lam77;
			sourceTree = "<group>";
		};
		3B10CE352C2128B900FDCE34 /* Preview Content */ = {
			isa = PBXGroup;
			children = (
				3B10CE362C2128B900FDCE34 /* Preview Assets.xcassets */,
			);
			path = "Preview Content";
			sourceTree = "<group>";
		};
		3B10CE3F2C2128BA00FDCE34 /* lam77Tests */ = {
			isa = PBXGroup;
			children = (
				3B10CE402C2128BA00FDCE34 /* lam77Tests.swift */,
			);
			path = lam77Tests;
			sourceTree = "<group>";
		};
		3B10CE492C2128BA00FDCE34 /* lam77UITests */ = {
			isa = PBXGroup;
			children = (
				3B10CE4A2C2128BA00FDCE34 /* lam77UITests.swift */,
				3B10CE4C2C2128BA00FDCE34 /* lam77UITestsLaunchTests.swift */,
			);
			path = lam77UITests;
			sourceTree = "<group>";
		};
/* End PBXGroup section */

/* Begin PBXNativeTarget section */
		3B10CE2B2C2128B800FDCE34 /* lam77 */ = {
			isa = PBXNativeTarget;
			buildConfigurationList = 3B10CE502C2128BA00FDCE34 /* Build configuration list for PBXNativeTarget "lam77" */;
			buildPhases = (
				3B10CE282C2128B800FDCE34 /* Sources */,
				3B10CE292C2128B800FDCE34 /* Frameworks */,
				3B10CE2A2C2128B800FDCE34 /* Resources */,
			);
			buildRules = (
			);
			dependencies = (
			);
			name = lam77;
			productName = lam77;
			productReference = 3B10CE2C2C2128B800FDCE34 /* lam77.app */;
			productType = "com.apple.product-type.application";
		};
		3B10CE3B2C2128BA00FDCE34 /* lam77Tests */ = {
			isa = PBXNativeTarget;
			buildConfigurationList = 3B10CE532C2128BA00FDCE34 /* Build configuration list for PBXNativeTarget "lam77Tests" */;
			buildPhases = (
				3B10CE382C2128BA00FDCE34 /* Sources */,
				3B10CE392C2128BA00FDCE34 /* Frameworks */,
				3B10CE3A2C2128BA00FDCE34 /* Resources */,
			);
			buildRules = (
			);
			dependencies = (
				3B10CE3E2C2128BA00FDCE34 /* PBXTargetDependency */,
			);
			name = lam77Tests;
			productName = lam77Tests;
			productReference = 3B10CE3C2C2128BA00FDCE34 /* lam77Tests.xctest */;
			productType = "com.apple.product-type.bundle.unit-test";
		};
		3B10CE452C2128BA00FDCE34 /* lam77UITests */ = {
			isa = PBXNativeTarget;
			buildConfigurationList = 3B10CE562C2128BA00FDCE34 /* Build configuration list for PBXNativeTarget "lam77UITests" */;
			buildPhases = (
				3B10CE422C2128BA00FDCE34 /* Sources */,
				3B10CE432C2128BA00FDCE34 /* Frameworks */,
				3B10CE442C2128BA00FDCE34 /* Resources */,
			);
			buildRules = (
			);
			dependencies = (
				3B10CE482C2128BA00FDCE34 /* PBXTargetDependency */,
			);
			name = lam77UITests;
			productName = lam77UITests;
			productReference = 3B10CE462C2128BA00FDCE34 /* lam77UITests.xctest */;
			productType = "com.apple.product-type.bundle.ui-testing";
		};
/* End PBXNativeTarget section */

/* Begin PBXProject section */
		3B10CE242C2128B800FDCE34 /* Project object */ = {
			isa = PBXProject;
			attributes = {
				BuildIndependentTargetsInParallel = 1;
				LastSwiftUpdateCheck = 1520;
				LastUpgradeCheck = 1520;
				TargetAttributes = {
					3B10CE2B2C2128B800FDCE34 = {
						CreatedOnToolsVersion = 15.2;
					};
					3B10CE3B2C2128BA00FDCE34 = {
						CreatedOnToolsVersion = 15.2;
						TestTargetID = 3B10CE2B2C2128B800FDCE34;
					};
					3B10CE452C2128BA00FDCE34 = {
						CreatedOnToolsVersion = 15.2;
						TestTargetID = 3B10CE2B2C2128B800FDCE34;
					};
				};
			};
			buildConfigurationList = 3B10CE272C2128B800FDCE34 /* Build configuration list for PBXProject "lam77" */;
			compatibilityVersion = "Xcode 14.0";
			developmentRegion = en;
			hasScannedForEncodings = 0;
			knownRegions = (
				en,
				Base,
			);
			mainGroup = 3B10CE232C2128B800FDCE34;
			productRefGroup = 3B10CE2D2C2128B800FDCE34 /* Products */;
			projectDirPath = "";
			projectRoot = "";
			targets = (
				3B10CE2B2C2128B800FDCE34 /* lam77 */,
				3B10CE3B2C2128BA00FDCE34 /* lam77Tests */,
				3B10CE452C2128BA00FDCE34 /* lam77UITests */,
			);
		};
/* End PBXProject section */

/* Begin PBXResourcesBuildPhase section */
		3B10CE2A2C2128B800FDCE34 /* Resources */ = {
			isa = PBXResourcesBuildPhase;
			buildActionMask = 2147483647;
			files = (
				3B10CE372C2128B900FDCE34 /* Preview Assets.xcassets in Resources */,
				3B10CE342C2128B900FDCE34 /* Assets.xcassets in Resources */,
			);
			runOnlyForDeploymentPostprocessing = 0;
		};
		3B10CE3A2C2128BA00FDCE34 /* Resources */ = {
			isa = PBXResourcesBuildPhase;
			buildActionMask = 2147483647;
			files = (
			);
			runOnlyForDeploymentPostprocessing = 0;
		};
		3B10CE442C2128BA00FDCE34 /* Resources */ = {
			isa = PBXResourcesBuildPhase;
			buildActionMask = 2147483647;
			files = (
			);
			runOnlyForDeploymentPostprocessing = 0;
		};
/* End PBXResourcesBuildPhase section */

/* Begin PBXSourcesBuildPhase section */
		3B10CE282C2128B800FDCE34 /* Sources */ = {
			isa = PBXSourcesBuildPhase;
			buildActionMask = 2147483647;
			files = (
				3B10CE322C2128B800FDCE34 /* ContentView.swift in Sources */,
				3B10CE302C2128B800FDCE34 /* lam77App.swift in Sources */,
			);
			runOnlyForDeploymentPostprocessing = 0;
		};
		3B10CE382C2128BA00FDCE34 /* Sources */ = {
			isa = PBXSourcesBuildPhase;
			buildActionMask = 2147483647;
			files = (
				3B10CE412C2128BA00FDCE34 /* lam77Tests.swift in Sources */,
			);
			runOnlyForDeploymentPostprocessing = 0;
		};
		3B10CE422C2128BA00FDCE34 /* Sources */ = {
			isa = PBXSourcesBuildPhase;
			buildActionMask = 2147483647;
			files = (
				3B10CE4B2C2128BA00FDCE34 /* lam77UITests.swift in Sources */,
				3B10CE4D2C2128BA00FDCE34 /* lam77UITestsLaunchTests.swift in Sources */,
			);
			runOnlyForDeploymentPostprocessing = 0;
		};
/* End PBXSourcesBuildPhase section */

/* Begin PBXTargetDependency section */
		3B10CE3E2C2128BA00FDCE34 /* PBXTargetDependency */ = {
			isa = PBXTargetDependency;
			target = 3B10CE2B2C2128B800FDCE34 /* lam77 */;
			targetProxy = 3B10CE3D2C2128BA00FDCE34 /* PBXContainerItemProxy */;
		};
		3B10CE482C2128BA00FDCE34 /* PBXTargetDependency */ = {
			isa = PBXTargetDependency;
			target = 3B10CE2B2C2128B800FDCE34 /* lam77 */;
			targetProxy = 3B10CE472C2128BA00FDCE34 /* PBXContainerItemProxy */;
		};
/* End PBXTargetDependency section */

/* Begin XCBuildConfiguration section */
		3B10CE4E2C2128BA00FDCE34 /* Debug */ = {
			isa = XCBuildConfiguration;
			buildSettings = {
				ALWAYS_SEARCH_USER_PATHS = NO;
				ASSETCATALOG_COMPILER_GENERATE_SWIFT_ASSET_SYMBOL_EXTENSIONS = YES;
				CLANG_ANALYZER_NONNULL = YES;
				CLANG_ANALYZER_NUMBER_OBJECT_CONVERSION = YES_AGGRESSIVE;
				CLANG_CXX_LANGUAGE_STANDARD = "gnu++20";
				CLANG_ENABLE_MODULES = YES;
				CLANG_ENABLE_OBJC_ARC = YES;
				CLANG_ENABLE_OBJC_WEAK = YES;
				CLANG_WARN_BLOCK_CAPTURE_AUTORELEASING = YES;
				CLANG_WARN_BOOL_CONVERSION = YES;
				CLANG_WARN_COMMA = YES;
				CLANG_WARN_CONSTANT_CONVERSION = YES;
				CLANG_WARN_DEPRECATED_OBJC_IMPLEMENTATIONS = YES;
				CLANG_WARN_DIRECT_OBJC_ISA_USAGE = YES_ERROR;
				CLANG_WARN_DOCUMENTATION_COMMENTS = YES;
				CLANG_WARN_EMPTY_BODY = YES;
				CLANG_WARN_ENUM_CONVERSION = YES;
				CLANG_WARN_INFINITE_RECURSION = YES;
				CLANG_WARN_INT_CONVERSION = YES;
				CLANG_WARN_NON_LITERAL_NULL_CONVERSION = YES;
				CLANG_WARN_OBJC_IMPLICIT_RETAIN_SELF = YES;
				CLANG_WARN_OBJC_LITERAL_CONVERSION = YES;
				CLANG_WARN_OBJC_ROOT_CLASS = YES_ERROR;
				CLANG_WARN_QUOTED_INCLUDE_IN_FRAMEWORK_HEADER = YES;
				CLANG_WARN_RANGE_LOOP_ANALYSIS = YES;
				CLANG_WARN_STRICT_PROTOTYPES = YES;
				CLANG_WARN_SUSPICIOUS_MOVE = YES;
				CLANG_WARN_UNGUARDED_AVAILABILITY = YES_AGGRESSIVE;
				CLANG_WARN_UNREACHABLE_CODE = YES;
				CLANG_WARN__DUPLICATE_METHOD_MATCH = YES;
				COPY_PHASE_STRIP = NO;
				DEBUG_INFORMATION_FORMAT = dwarf;
				ENABLE_STRICT_OBJC_MSGSEND = YES;
				ENABLE_TESTABILITY = YES;
				ENABLE_USER_SCRIPT_SANDBOXING = YES;
				GCC_C_LANGUAGE_STANDARD = gnu17;
				GCC_DYNAMIC_NO_PIC = NO;
				GCC_NO_COMMON_BLOCKS = YES;
				GCC_OPTIMIZATION_LEVEL = 0;
				GCC_PREPROCESSOR_DEFINITIONS = (
					"DEBUG=1",
					"$(inherited)",
				);
				GCC_WARN_64_TO_32_BIT_CONVERSION = YES;
				GCC_WARN_ABOUT_RETURN_TYPE = YES_ERROR;
				GCC_WARN_UNDECLARED_SELECTOR = YES;
				GCC_WARN_UNINITIALIZED_AUTOS = YES_AGGRESSIVE;
				GCC_WARN_UNUSED_FUNCTION = YES;
				GCC_WARN_UNUSED_VARIABLE = YES;
				IPHONEOS_DEPLOYMENT_TARGET = 17.2;
				LOCALIZATION_PREFERS_STRING_CATALOGS = YES;
				MTL_ENABLE_DEBUG_INFO = INCLUDE_SOURCE;
				MTL_FAST_MATH = YES;
				ONLY_ACTIVE_ARCH = YES;
				SDKROOT = iphoneos;
				SWIFT_ACTIVE_COMPILATION_CONDITIONS = "DEBUG $(inherited)";
				SWIFT_OPTIMIZATION_LEVEL = "-Onone";
			};
			name = Debug;
		};
		3B10CE4F2C2128BA00FDCE34 /* Release */ = {
			isa = XCBuildConfiguration;
			buildSettings = {
				ALWAYS_SEARCH_USER_PATHS = NO;
				ASSETCATALOG_COMPILER_GENERATE_SWIFT_ASSET_SYMBOL_EXTENSIONS = YES;
				CLANG_ANALYZER_NONNULL = YES;
				CLANG_ANALYZER_NUMBER_OBJECT_CONVERSION = YES_AGGRESSIVE;
				CLANG_CXX_LANGUAGE_STANDARD = "gnu++20";
				CLANG_ENABLE_MODULES = YES;
				CLANG_ENABLE_OBJC_ARC = YES;
				CLANG_ENABLE_OBJC_WEAK = YES;
				CLANG_WARN_BLOCK_CAPTURE_AUTORELEASING = YES;
				CLANG_WARN_BOOL_CONVERSION = YES;
				CLANG_WARN_COMMA = YES;
				CLANG_WARN_CONSTANT_CONVERSION = YES;
				CLANG_WARN_DEPRECATED_OBJC_IMPLEMENTATIONS = YES;
				CLANG_WARN_DIRECT_OBJC_ISA_USAGE = YES_ERROR;
				CLANG_WARN_DOCUMENTATION_COMMENTS = YES;
				CLANG_WARN_EMPTY_BODY = YES;
				CLANG_WARN_ENUM_CONVERSION = YES;
				CLANG_WARN_INFINITE_RECURSION = YES;
				CLANG_WARN_INT_CONVERSION = YES;
				CLANG_WARN_NON_LITERAL_NULL_CONVERSION = YES;
				CLANG_WARN_OBJC_IMPLICIT_RETAIN_SELF = YES;
				CLANG_WARN_OBJC_LITERAL_CONVERSION = YES;
				CLANG_WARN_OBJC_ROOT_CLASS = YES_ERROR;
				CLANG_WARN_QUOTED_INCLUDE_IN_FRAMEWORK_HEADER = YES;
				CLANG_WARN_RANGE_LOOP_ANALYSIS = YES;
				CLANG_WARN_STRICT_PROTOTYPES = YES;
				CLANG_WARN_SUSPICIOUS_MOVE = YES;
				CLANG_WARN_UNGUARDED_AVAILABILITY = YES_AGGRESSIVE;
				CLANG_WARN_UNREACHABLE_CODE = YES;
				CLANG_WARN__DUPLICATE_METHOD_MATCH = YES;
				COPY_PHASE_STRIP = NO;
				DEBUG_INFORMATION_FORMAT = "dwarf-with-dsym";
				ENABLE_NS_ASSERTIONS = NO;
				ENABLE_STRICT_OBJC_MSGSEND = YES;
				ENABLE_USER_SCRIPT_SANDBOXING = YES;
				GCC_C_LANGUAGE_STANDARD = gnu17;
				GCC_NO_COMMON_BLOCKS = YES;
				GCC_WARN_64_TO_32_BIT_CONVERSION = YES;
				GCC_WARN_ABOUT_RETURN_TYPE = YES_ERROR;
				GCC_WARN_UNDECLARED_SELECTOR = YES;
				GCC_WARN_UNINITIALIZED_AUTOS = YES_AGGRESSIVE;
				GCC_WARN_UNUSED_FUNCTION = YES;
				GCC_WARN_UNUSED_VARIABLE = YES;
				IPHONEOS_DEPLOYMENT_TARGET = 17.2;
				LOCALIZATION_PREFERS_STRING_CATALOGS = YES;
				MTL_ENABLE_DEBUG_INFO = NO;
				MTL_FAST_MATH = YES;
				SDKROOT = iphoneos;
				SWIFT_COMPILATION_MODE = wholemodule;
				VALIDATE_PRODUCT = YES;
			};
			name = Release;
		};
		3B10CE512C2128BA00FDCE34 /* Debug */ = {
			isa = XCBuildConfiguration;
			buildSettings = {
				ASSETCATALOG_COMPILER_APPICON_NAME = AppIcon;
				ASSETCATALOG_COMPILER_GLOBAL_ACCENT_COLOR_NAME = AccentColor;
				CODE_SIGN_STYLE = Automatic;
				CURRENT_PROJECT_VERSION = 1;
				DEVELOPMENT_ASSET_PATHS = "\"lam77/Preview Content\"";
				DEVELOPMENT_TEAM = 5UMMAAWSAS;
				ENABLE_PREVIEWS = YES;
				GENERATE_INFOPLIST_FILE = YES;
				INFOPLIST_KEY_UIApplicationSceneManifest_Generation = YES;
				INFOPLIST_KEY_UIApplicationSupportsIndirectInputEvents = YES;
				INFOPLIST_KEY_UILaunchScreen_Generation = YES;
				INFOPLIST_KEY_UISupportedInterfaceOrientations_iPad = "UIInterfaceOrientationPortrait UIInterfaceOrientationPortraitUpsideDown UIInterfaceOrientationLandscapeLeft UIInterfaceOrientationLandscapeRight";
				INFOPLIST_KEY_UISupportedInterfaceOrientations_iPhone = "UIInterfaceOrientationPortrait UIInterfaceOrientationLandscapeLeft UIInterfaceOrientationLandscapeRight";
				LD_RUNPATH_SEARCH_PATHS = (
					"$(inherited)",
					"@executable_path/Frameworks",
				);
				MARKETING_VERSION = 1.0;
				PRODUCT_BUNDLE_IDENTIFIER = df.lam77;
				PRODUCT_NAME = "$(TARGET_NAME)";
				SWIFT_EMIT_LOC_STRINGS = YES;
				SWIFT_VERSION = 5.0;
				TARGETED_DEVICE_FAMILY = "1,2";
			};
			name = Debug;
		};
		3B10CE522C2128BA00FDCE34 /* Release */ = {
			isa = XCBuildConfiguration;
			buildSettings = {
				ASSETCATALOG_COMPILER_APPICON_NAME = AppIcon;
				ASSETCATALOG_COMPILER_GLOBAL_ACCENT_COLOR_NAME = AccentColor;
				CODE_SIGN_STYLE = Automatic;
				CURRENT_PROJECT_VERSION = 1;
				DEVELOPMENT_ASSET_PATHS = "\"lam77/Preview Content\"";
				DEVELOPMENT_TEAM = 5UMMAAWSAS;
				ENABLE_PREVIEWS = YES;
				GENERATE_INFOPLIST_FILE = YES;
				INFOPLIST_KEY_UIApplicationSceneManifest_Generation = YES;
				INFOPLIST_KEY_UIApplicationSupportsIndirectInputEvents = YES;
				INFOPLIST_KEY_UILaunchScreen_Generation = YES;
				INFOPLIST_KEY_UISupportedInterfaceOrientations_iPad = "UIInterfaceOrientationPortrait UIInterfaceOrientationPortraitUpsideDown UIInterfaceOrientationLandscapeLeft UIInterfaceOrientationLandscapeRight";
				INFOPLIST_KEY_UISupportedInterfaceOrientations_iPhone = "UIInterfaceOrientationPortrait UIInterfaceOrientationLandscapeLeft UIInterfaceOrientationLandscapeRight";
				LD_RUNPATH_SEARCH_PATHS = (
					"$(inherited)",
					"@executable_path/Frameworks",
				);
				MARKETING_VERSION = 1.0;
				PRODUCT_BUNDLE_IDENTIFIER = df.lam77;
				PRODUCT_NAME = "$(TARGET_NAME)";
				SWIFT_EMIT_LOC_STRINGS = YES;
				SWIFT_VERSION = 5.0;
				TARGETED_DEVICE_FAMILY = "1,2";
			};
			name = Release;
		};
		3B10CE542C2128BA00FDCE34 /* Debug */ = {
			isa = XCBuildConfiguration;
			buildSettings = {
				ALWAYS_EMBED_SWIFT_STANDARD_LIBRARIES = YES;
				BUNDLE_LOADER = "$(TEST_HOST)";
				CODE_SIGN_STYLE = Automatic;
				CURRENT_PROJECT_VERSION = 1;
				DEVELOPMENT_TEAM = 5UMMAAWSAS;
				GENERATE_INFOPLIST_FILE = YES;
				IPHONEOS_DEPLOYMENT_TARGET = 17.2;
				MARKETING_VERSION = 1.0;
				PRODUCT_BUNDLE_IDENTIFIER = df.lam77Tests;
				PRODUCT_NAME = "$(TARGET_NAME)";
				SWIFT_EMIT_LOC_STRINGS = NO;
				SWIFT_VERSION = 5.0;
				TARGETED_DEVICE_FAMILY = "1,2";
				TEST_HOST = "$(BUILT_PRODUCTS_DIR)/lam77.app/$(BUNDLE_EXECUTABLE_FOLDER_PATH)/lam77";
			};
			name = Debug;
		};
		3B10CE552C2128BA00FDCE34 /* Release */ = {
			isa = XCBuildConfiguration;
			buildSettings = {
				ALWAYS_EMBED_SWIFT_STANDARD_LIBRARIES = YES;
				BUNDLE_LOADER = "$(TEST_HOST)";
				CODE_SIGN_STYLE = Automatic;
				CURRENT_PROJECT_VERSION = 1;
				DEVELOPMENT_TEAM = 5UMMAAWSAS;
				GENERATE_INFOPLIST_FILE = YES;
				IPHONEOS_DEPLOYMENT_TARGET = 17.2;
				MARKETING_VERSION = 1.0;
				PRODUCT_BUNDLE_IDENTIFIER = df.lam77Tests;
				PRODUCT_NAME = "$(TARGET_NAME)";
				SWIFT_EMIT_LOC_STRINGS = NO;
				SWIFT_VERSION = 5.0;
				TARGETED_DEVICE_FAMILY = "1,2";
				TEST_HOST = "$(BUILT_PRODUCTS_DIR)/lam77.app/$(BUNDLE_EXECUTABLE_FOLDER_PATH)/lam77";
			};
			name = Release;
		};
		3B10CE572C2128BA00FDCE34 /* Debug */ = {
			isa = XCBuildConfiguration;
			buildSettings = {
				ALWAYS_EMBED_SWIFT_STANDARD_LIBRARIES = YES;
				CODE_SIGN_STYLE = Automatic;
				CURRENT_PROJECT_VERSION = 1;
				DEVELOPMENT_TEAM = 5UMMAAWSAS;
				GENERATE_INFOPLIST_FILE = YES;
				MARKETING_VERSION = 1.0;
				PRODUCT_BUNDLE_IDENTIFIER = df.lam77UITests;
				PRODUCT_NAME = "$(TARGET_NAME)";
				SWIFT_EMIT_LOC_STRINGS = NO;
				SWIFT_VERSION = 5.0;
				TARGETED_DEVICE_FAMILY = "1,2";
				TEST_TARGET_NAME = lam77;
			};
			name = Debug;
		};
		3B10CE582C2128BA00FDCE34 /* Release */ = {
			isa = XCBuildConfiguration;
			buildSettings = {
				ALWAYS_EMBED_SWIFT_STANDARD_LIBRARIES = YES;
				CODE_SIGN_STYLE = Automatic;
				CURRENT_PROJECT_VERSION = 1;
				DEVELOPMENT_TEAM = 5UMMAAWSAS;
				GENERATE_INFOPLIST_FILE = YES;
				MARKETING_VERSION = 1.0;
				PRODUCT_BUNDLE_IDENTIFIER = df.lam77UITests;
				PRODUCT_NAME = "$(TARGET_NAME)";
				SWIFT_EMIT_LOC_STRINGS = NO;
				SWIFT_VERSION = 5.0;
				TARGETED_DEVICE_FAMILY = "1,2";
				TEST_TARGET_NAME = lam77;
			};
			name = Release;
		};
/* End XCBuildConfiguration section */

/* Begin XCConfigurationList section */
		3B10CE272C2128B800FDCE34 /* Build configuration list for PBXProject "lam77" */ = {
			isa = XCConfigurationList;
			buildConfigurations = (
				3B10CE4E2C2128BA00FDCE34 /* Debug */,
				3B10CE4F2C2128BA00FDCE34 /* Release */,
			);
			defaultConfigurationIsVisible = 0;
			defaultConfigurationName = Release;
		};
		3B10CE502C2128BA00FDCE34 /* Build configuration list for PBXNativeTarget "lam77" */ = {
			isa = XCConfigurationList;
			buildConfigurations = (
				3B10CE512C2128BA00FDCE34 /* Debug */,
				3B10CE522C2128BA00FDCE34 /* Release */,
			);
			defaultConfigurationIsVisible = 0;
			defaultConfigurationName = Release;
		};
		3B10CE532C2128BA00FDCE34 /* Build configuration list for PBXNativeTarget "lam77Tests" */ = {
			isa = XCConfigurationList;
			buildConfigurations = (
				3B10CE542C2128BA00FDCE34 /* Debug */,
				3B10CE552C2128BA00FDCE34 /* Release */,
			);
			defaultConfigurationIsVisible = 0;
			defaultConfigurationName = Release;
		};
		3B10CE562C2128BA00FDCE34 /* Build configuration list for PBXNativeTarget "lam77UITests" */ = {
			isa = XCConfigurationList;
			buildConfigurations = (
				3B10CE572C2128BA00FDCE34 /* Debug */,
				3B10CE582C2128BA00FDCE34 /* Release */,
			);
			defaultConfigurationIsVisible = 0;
			defaultConfigurationName = Release;
		};
/* End XCConfigurationList section */
	};
	rootObject = 3B10CE242C2128B800FDCE34 /* Project object */;
}
